// !$*UTF8*$!
{
	archiveVersion = 1;
	classes = {
	};
	objectVersion = 56;
	objects = {

/* Begin PBXBuildFile section */
		1497D1BB2B52DF3200733C58 /* WorkoutManager.swift in Sources */ = {isa = PBXBuildFile; fileRef = 1497D1BA2B52DF3200733C58 /* WorkoutManager.swift */; };
		149C1E682B519EAB0071D893 /* Pace Clock Watch App.app in Embed Watch Content */ = {isa = PBXBuildFile; fileRef = 149C1E672B519EAB0071D893 /* Pace Clock Watch App.app */; settings = {ATTRIBUTES = (RemoveHeadersOnCopy, ); }; };
		149C1E6D2B519EAB0071D893 /* Pace_ClockApp.swift in Sources */ = {isa = PBXBuildFile; fileRef = 149C1E6C2B519EAB0071D893 /* Pace_ClockApp.swift */; };
		149C1E6F2B519EAB0071D893 /* ContentView.swift in Sources */ = {isa = PBXBuildFile; fileRef = 149C1E6E2B519EAB0071D893 /* ContentView.swift */; };
		149C1E712B519EAC0071D893 /* Assets.xcassets in Resources */ = {isa = PBXBuildFile; fileRef = 149C1E702B519EAC0071D893 /* Assets.xcassets */; };
		149C1E742B519EAC0071D893 /* Preview Assets.xcassets in Resources */ = {isa = PBXBuildFile; fileRef = 149C1E732B519EAC0071D893 /* Preview Assets.xcassets */; };
		149C1E842B51AFF30071D893 /* digital-7.ttf in Resources */ = {isa = PBXBuildFile; fileRef = 149C1E832B51AFF30071D893 /* digital-7.ttf */; };
/* End PBXBuildFile section */

/* Begin PBXContainerItemProxy section */
		149C1E692B519EAB0071D893 /* PBXContainerItemProxy */ = {
			isa = PBXContainerItemProxy;
			containerPortal = 149C1E5B2B519EAB0071D893 /* Project object */;
			proxyType = 1;
			remoteGlobalIDString = 149C1E662B519EAB0071D893;
			remoteInfo = "Pace Clock Watch App";
		};
/* End PBXContainerItemProxy section */

/* Begin PBXCopyFilesBuildPhase section */
		149C1E7A2B519EAC0071D893 /* Embed Watch Content */ = {
			isa = PBXCopyFilesBuildPhase;
			buildActionMask = 2147483647;
			dstPath = "$(CONTENTS_FOLDER_PATH)/Watch";
			dstSubfolderSpec = 16;
			files = (
				149C1E682B519EAB0071D893 /* Pace Clock Watch App.app in Embed Watch Content */,
			);
			name = "Embed Watch Content";
			runOnlyForDeploymentPostprocessing = 0;
		};
/* End PBXCopyFilesBuildPhase section */

/* Begin PBXFileReference section */
		1497D1BA2B52DF3200733C58 /* WorkoutManager.swift */ = {isa = PBXFileReference; lastKnownFileType = sourcecode.swift; path = WorkoutManager.swift; sourceTree = "<group>"; };
		1497D1BC2B52E3B400733C58 /* Pace Clock Watch App.entitlements */ = {isa = PBXFileReference; lastKnownFileType = text.plist.entitlements; path = "Pace Clock Watch App.entitlements"; sourceTree = "<group>"; };
		149C1E612B519EAB0071D893 /* Pace Clock.app */ = {isa = PBXFileReference; explicitFileType = wrapper.application; includeInIndex = 0; path = "Pace Clock.app"; sourceTree = BUILT_PRODUCTS_DIR; };
		149C1E672B519EAB0071D893 /* Pace Clock Watch App.app */ = {isa = PBXFileReference; explicitFileType = wrapper.application; includeInIndex = 0; path = "Pace Clock Watch App.app"; sourceTree = BUILT_PRODUCTS_DIR; };
		149C1E6C2B519EAB0071D893 /* Pace_ClockApp.swift */ = {isa = PBXFileReference; lastKnownFileType = sourcecode.swift; path = Pace_ClockApp.swift; sourceTree = "<group>"; };
		149C1E6E2B519EAB0071D893 /* ContentView.swift */ = {isa = PBXFileReference; lastKnownFileType = sourcecode.swift; path = ContentView.swift; sourceTree = "<group>"; };
		149C1E702B519EAC0071D893 /* Assets.xcassets */ = {isa = PBXFileReference; lastKnownFileType = folder.assetcatalog; path = Assets.xcassets; sourceTree = "<group>"; };
		149C1E732B519EAC0071D893 /* Preview Assets.xcassets */ = {isa = PBXFileReference; lastKnownFileType = folder.assetcatalog; path = "Preview Assets.xcassets"; sourceTree = "<group>"; };
		149C1E832B51AFF30071D893 /* digital-7.ttf */ = {isa = PBXFileReference; lastKnownFileType = file; path = "digital-7.ttf"; sourceTree = "<group>"; };
		149C1E852B51B0820071D893 /* Pace-Clock-Watch-App-Info.plist */ = {isa = PBXFileReference; lastKnownFileType = text.plist; path = "Pace-Clock-Watch-App-Info.plist"; sourceTree = SOURCE_ROOT; };
/* End PBXFileReference section */

/* Begin PBXFrameworksBuildPhase section */
		149C1E642B519EAB0071D893 /* Frameworks */ = {
			isa = PBXFrameworksBuildPhase;
			buildActionMask = 2147483647;
			files = (
			);
			runOnlyForDeploymentPostprocessing = 0;
		};
/* End PBXFrameworksBuildPhase section */

/* Begin PBXGroup section */
		149C1E5A2B519EAB0071D893 = {
			isa = PBXGroup;
			children = (
				149C1E6B2B519EAB0071D893 /* Pace Clock Watch App */,
				149C1E622B519EAB0071D893 /* Products */,
			);
			sourceTree = "<group>";
		};
		149C1E622B519EAB0071D893 /* Products */ = {
			isa = PBXGroup;
			children = (
				149C1E612B519EAB0071D893 /* Pace Clock.app */,
				149C1E672B519EAB0071D893 /* Pace Clock Watch App.app */,
			);
			name = Products;
			sourceTree = "<group>";
		};
		149C1E6B2B519EAB0071D893 /* Pace Clock Watch App */ = {
			isa = PBXGroup;
			children = (
				1497D1BC2B52E3B400733C58 /* Pace Clock Watch App.entitlements */,
				149C1E852B51B0820071D893 /* Pace-Clock-Watch-App-Info.plist */,
				149C1E6C2B519EAB0071D893 /* Pace_ClockApp.swift */,
				149C1E6E2B519EAB0071D893 /* ContentView.swift */,
				1497D1BA2B52DF3200733C58 /* WorkoutManager.swift */,
				149C1E862B51B1480071D893 /* Resources */,
				149C1E702B519EAC0071D893 /* Assets.xcassets */,
				149C1E722B519EAC0071D893 /* Preview Content */,
			);
			path = "Pace Clock Watch App";
			sourceTree = "<group>";
		};
		149C1E722B519EAC0071D893 /* Preview Content */ = {
			isa = PBXGroup;
			children = (
				149C1E732B519EAC0071D893 /* Preview Assets.xcassets */,
			);
			path = "Preview Content";
			sourceTree = "<group>";
		};
		149C1E862B51B1480071D893 /* Resources */ = {
			isa = PBXGroup;
			children = (
				149C1E832B51AFF30071D893 /* digital-7.ttf */,
			);
			path = Resources;
			sourceTree = "<group>";
		};
/* End PBXGroup section */

/* Begin PBXNativeTarget section */
		149C1E602B519EAB0071D893 /* Pace Clock */ = {
			isa = PBXNativeTarget;
			buildConfigurationList = 149C1E7B2B519EAC0071D893 /* Build configuration list for PBXNativeTarget "Pace Clock" */;
			buildPhases = (
				149C1E5F2B519EAB0071D893 /* Resources */,
				149C1E7A2B519EAC0071D893 /* Embed Watch Content */,
			);
			buildRules = (
			);
			dependencies = (
				149C1E6A2B519EAB0071D893 /* PBXTargetDependency */,
			);
			name = "Pace Clock";
			productName = "Pace Clock";
			productReference = 149C1E612B519EAB0071D893 /* Pace Clock.app */;
			productType = "com.apple.product-type.application.watchapp2-container";
		};
		149C1E662B519EAB0071D893 /* Pace Clock Watch App */ = {
			isa = PBXNativeTarget;
			buildConfigurationList = 149C1E772B519EAC0071D893 /* Build configuration list for PBXNativeTarget "Pace Clock Watch App" */;
			buildPhases = (
				149C1E632B519EAB0071D893 /* Sources */,
				149C1E642B519EAB0071D893 /* Frameworks */,
				149C1E652B519EAB0071D893 /* Resources */,
			);
			buildRules = (
			);
			dependencies = (
			);
			name = "Pace Clock Watch App";
			productName = "Pace Clock Watch App";
			productReference = 149C1E672B519EAB0071D893 /* Pace Clock Watch App.app */;
			productType = "com.apple.product-type.application";
		};
/* End PBXNativeTarget section */

/* Begin PBXProject section */
		149C1E5B2B519EAB0071D893 /* Project object */ = {
			isa = PBXProject;
			attributes = {
				BuildIndependentTargetsInParallel = 1;
				LastSwiftUpdateCheck = 1520;
				LastUpgradeCheck = 1520;
				TargetAttributes = {
					149C1E602B519EAB0071D893 = {
						CreatedOnToolsVersion = 15.2;
					};
					149C1E662B519EAB0071D893 = {
						CreatedOnToolsVersion = 15.2;
					};
				};
			};
			buildConfigurationList = 149C1E5E2B519EAB0071D893 /* Build configuration list for PBXProject "Pace Clock" */;
			compatibilityVersion = "Xcode 14.0";
			developmentRegion = en;
			hasScannedForEncodings = 0;
			knownRegions = (
				en,
				Base,
			);
			mainGroup = 149C1E5A2B519EAB0071D893;
			productRefGroup = 149C1E622B519EAB0071D893 /* Products */;
			projectDirPath = "";
			projectRoot = "";
			targets = (
				149C1E602B519EAB0071D893 /* Pace Clock */,
				149C1E662B519EAB0071D893 /* Pace Clock Watch App */,
			);
		};
/* End PBXProject section */

/* Begin PBXResourcesBuildPhase section */
		149C1E5F2B519EAB0071D893 /* Resources */ = {
			isa = PBXResourcesBuildPhase;
			buildActionMask = 2147483647;
			files = (
			);
			runOnlyForDeploymentPostprocessing = 0;
		};
		149C1E652B519EAB0071D893 /* Resources */ = {
			isa = PBXResourcesBuildPhase;
			buildActionMask = 2147483647;
			files = (
				149C1E742B519EAC0071D893 /* Preview Assets.xcassets in Resources */,
				149C1E842B51AFF30071D893 /* digital-7.ttf in Resources */,
				149C1E712B519EAC0071D893 /* Assets.xcassets in Resources */,
			);
			runOnlyForDeploymentPostprocessing = 0;
		};
/* End PBXResourcesBuildPhase section */

/* Begin PBXSourcesBuildPhase section */
		149C1E632B519EAB0071D893 /* Sources */ = {
			isa = PBXSourcesBuildPhase;
			buildActionMask = 2147483647;
			files = (
				149C1E6F2B519EAB0071D893 /* ContentView.swift in Sources */,
				149C1E6D2B519EAB0071D893 /* Pace_ClockApp.swift in Sources */,
				1497D1BB2B52DF3200733C58 /* WorkoutManager.swift in Sources */,
			);
			runOnlyForDeploymentPostprocessing = 0;
		};
/* End PBXSourcesBuildPhase section */

/* Begin PBXTargetDependency section */
		149C1E6A2B519EAB0071D893 /* PBXTargetDependency */ = {
			isa = PBXTargetDependency;
			target = 149C1E662B519EAB0071D893 /* Pace Clock Watch App */;
			targetProxy = 149C1E692B519EAB0071D893 /* PBXContainerItemProxy */;
		};
/* End PBXTargetDependency section */

/* Begin XCBuildConfiguration section */
		149C1E752B519EAC0071D893 /* Debug */ = {
			isa = XCBuildConfiguration;
			buildSettings = {
				ALWAYS_SEARCH_USER_PATHS = NO;
				ASSETCATALOG_COMPILER_GENERATE_SWIFT_ASSET_SYMBOL_EXTENSIONS = YES;
				CLANG_ANALYZER_NONNULL = YES;
				CLANG_ANALYZER_NUMBER_OBJECT_CONVERSION = YES_AGGRESSIVE;
				CLANG_CXX_LANGUAGE_STANDARD = "gnu++20";
				CLANG_ENABLE_MODULES = YES;
				CLANG_ENABLE_OBJC_ARC = YES;
				CLANG_ENABLE_OBJC_WEAK = YES;
				CLANG_WARN_BLOCK_CAPTURE_AUTORELEASING = YES;
				CLANG_WARN_BOOL_CONVERSION = YES;
				CLANG_WARN_COMMA = YES;
				CLANG_WARN_CONSTANT_CONVERSION = YES;
				CLANG_WARN_DEPRECATED_OBJC_IMPLEMENTATIONS = YES;
				CLANG_WARN_DIRECT_OBJC_ISA_USAGE = YES_ERROR;
				CLANG_WARN_DOCUMENTATION_COMMENTS = YES;
				CLANG_WARN_EMPTY_BODY = YES;
				CLANG_WARN_ENUM_CONVERSION = YES;
				CLANG_WARN_INFINITE_RECURSION = YES;
				CLANG_WARN_INT_CONVERSION = YES;
				CLANG_WARN_NON_LITERAL_NULL_CONVERSION = YES;
				CLANG_WARN_OBJC_IMPLICIT_RETAIN_SELF = YES;
				CLANG_WARN_OBJC_LITERAL_CONVERSION = YES;
				CLANG_WARN_OBJC_ROOT_CLASS = YES_ERROR;
				CLANG_WARN_QUOTED_INCLUDE_IN_FRAMEWORK_HEADER = YES;
				CLANG_WARN_RANGE_LOOP_ANALYSIS = YES;
				CLANG_WARN_STRICT_PROTOTYPES = YES;
				CLANG_WARN_SUSPICIOUS_MOVE = YES;
				CLANG_WARN_UNGUARDED_AVAILABILITY = YES_AGGRESSIVE;
				CLANG_WARN_UNREACHABLE_CODE = YES;
				CLANG_WARN__DUPLICATE_METHOD_MATCH = YES;
				COPY_PHASE_STRIP = NO;
				DEBUG_INFORMATION_FORMAT = dwarf;
				ENABLE_STRICT_OBJC_MSGSEND = YES;
				ENABLE_TESTABILITY = YES;
				ENABLE_USER_SCRIPT_SANDBOXING = YES;
				GCC_C_LANGUAGE_STANDARD = gnu17;
				GCC_DYNAMIC_NO_PIC = NO;
				GCC_NO_COMMON_BLOCKS = YES;
				GCC_OPTIMIZATION_LEVEL = 0;
				GCC_PREPROCESSOR_DEFINITIONS = (
					"DEBUG=1",
					"$(inherited)",
				);
				GCC_WARN_64_TO_32_BIT_CONVERSION = YES;
				GCC_WARN_ABOUT_RETURN_TYPE = YES_ERROR;
				GCC_WARN_UNDECLARED_SELECTOR = YES;
				GCC_WARN_UNINITIALIZED_AUTOS = YES_AGGRESSIVE;
				GCC_WARN_UNUSED_FUNCTION = YES;
				GCC_WARN_UNUSED_VARIABLE = YES;
				LOCALIZATION_PREFERS_STRING_CATALOGS = YES;
				MTL_ENABLE_DEBUG_INFO = INCLUDE_SOURCE;
				MTL_FAST_MATH = YES;
				ONLY_ACTIVE_ARCH = YES;
				SWIFT_ACTIVE_COMPILATION_CONDITIONS = "DEBUG $(inherited)";
				SWIFT_OPTIMIZATION_LEVEL = "-Onone";
			};
			name = Debug;
		};
		149C1E762B519EAC0071D893 /* Release */ = {
			isa = XCBuildConfiguration;
			buildSettings = {
				ALWAYS_SEARCH_USER_PATHS = NO;
				ASSETCATALOG_COMPILER_GENERATE_SWIFT_ASSET_SYMBOL_EXTENSIONS = YES;
				CLANG_ANALYZER_NONNULL = YES;
				CLANG_ANALYZER_NUMBER_OBJECT_CONVERSION = YES_AGGRESSIVE;
				CLANG_CXX_LANGUAGE_STANDARD = "gnu++20";
				CLANG_ENABLE_MODULES = YES;
				CLANG_ENABLE_OBJC_ARC = YES;
				CLANG_ENABLE_OBJC_WEAK = YES;
				CLANG_WARN_BLOCK_CAPTURE_AUTORELEASING = YES;
				CLANG_WARN_BOOL_CONVERSION = YES;
				CLANG_WARN_COMMA = YES;
				CLANG_WARN_CONSTANT_CONVERSION = YES;
				CLANG_WARN_DEPRECATED_OBJC_IMPLEMENTATIONS = YES;
				CLANG_WARN_DIRECT_OBJC_ISA_USAGE = YES_ERROR;
				CLANG_WARN_DOCUMENTATION_COMMENTS = YES;
				CLANG_WARN_EMPTY_BODY = YES;
				CLANG_WARN_ENUM_CONVERSION = YES;
				CLANG_WARN_INFINITE_RECURSION = YES;
				CLANG_WARN_INT_CONVERSION = YES;
				CLANG_WARN_NON_LITERAL_NULL_CONVERSION = YES;
				CLANG_WARN_OBJC_IMPLICIT_RETAIN_SELF = YES;
				CLANG_WARN_OBJC_LITERAL_CONVERSION = YES;
				CLANG_WARN_OBJC_ROOT_CLASS = YES_ERROR;
				CLANG_WARN_QUOTED_INCLUDE_IN_FRAMEWORK_HEADER = YES;
				CLANG_WARN_RANGE_LOOP_ANALYSIS = YES;
				CLANG_WARN_STRICT_PROTOTYPES = YES;
				CLANG_WARN_SUSPICIOUS_MOVE = YES;
				CLANG_WARN_UNGUARDED_AVAILABILITY = YES_AGGRESSIVE;
				CLANG_WARN_UNREACHABLE_CODE = YES;
				CLANG_WARN__DUPLICATE_METHOD_MATCH = YES;
				COPY_PHASE_STRIP = NO;
				DEBUG_INFORMATION_FORMAT = "dwarf-with-dsym";
				ENABLE_NS_ASSERTIONS = NO;
				ENABLE_STRICT_OBJC_MSGSEND = YES;
				ENABLE_USER_SCRIPT_SANDBOXING = YES;
				GCC_C_LANGUAGE_STANDARD = gnu17;
				GCC_NO_COMMON_BLOCKS = YES;
				GCC_WARN_64_TO_32_BIT_CONVERSION = YES;
				GCC_WARN_ABOUT_RETURN_TYPE = YES_ERROR;
				GCC_WARN_UNDECLARED_SELECTOR = YES;
				GCC_WARN_UNINITIALIZED_AUTOS = YES_AGGRESSIVE;
				GCC_WARN_UNUSED_FUNCTION = YES;
				GCC_WARN_UNUSED_VARIABLE = YES;
				LOCALIZATION_PREFERS_STRING_CATALOGS = YES;
				MTL_ENABLE_DEBUG_INFO = NO;
				MTL_FAST_MATH = YES;
				SWIFT_COMPILATION_MODE = wholemodule;
			};
			name = Release;
		};
		149C1E782B519EAC0071D893 /* Debug */ = {
			isa = XCBuildConfiguration;
			buildSettings = {
				ASSETCATALOG_COMPILER_APPICON_NAME = AppIcon;
				ASSETCATALOG_COMPILER_GLOBAL_ACCENT_COLOR_NAME = AccentColor;
				CODE_SIGN_ENTITLEMENTS = "Pace Clock Watch App/Pace Clock Watch App.entitlements";
				CODE_SIGN_STYLE = Automatic;
				CURRENT_PROJECT_VERSION = 1;
				DEVELOPMENT_ASSET_PATHS = "\"Pace Clock Watch App/Preview Content\"";
				DEVELOPMENT_TEAM = 3ZWQ27S93Y;
				ENABLE_PREVIEWS = YES;
				GENERATE_INFOPLIST_FILE = YES;
				INFOPLIST_FILE = "Pace-Clock-Watch-App-Info.plist";
				INFOPLIST_KEY_CFBundleDisplayName = "Pace Clock";
				INFOPLIST_KEY_NSHealthShareUsageDescription = "This app uses HealthKit to manage workout sessions during your swimming exercises.";
				INFOPLIST_KEY_NSHealthUpdateUsageDescription = "This app uses HealthKit to manage workout sessions during your swimming exercises.";
				INFOPLIST_KEY_UISupportedInterfaceOrientations = "UIInterfaceOrientationPortrait UIInterfaceOrientationPortraitUpsideDown";
				INFOPLIST_KEY_WKWatchOnly = YES;
				LD_RUNPATH_SEARCH_PATHS = (
					"$(inherited)",
					"@executable_path/Frameworks",
				);
				MARKETING_VERSION = 1.0;
				PRODUCT_BUNDLE_IDENTIFIER = "com.ZackWilson.Pace-Clock.watchkitapp";
				PRODUCT_NAME = "$(TARGET_NAME)";
				SDKROOT = watchos;
				SKIP_INSTALL = YES;
				SWIFT_EMIT_LOC_STRINGS = YES;
				SWIFT_VERSION = 5.0;
				TARGETED_DEVICE_FAMILY = 4;
				WATCHOS_DEPLOYMENT_TARGET = 10.2;
			};
			name = Debug;
		};
		149C1E792B519EAC0071D893 /* Release */ = {
			isa = XCBuildConfiguration;
			buildSettings = {
				ASSETCATALOG_COMPILER_APPICON_NAME = AppIcon;
				ASSETCATALOG_COMPILER_GLOBAL_ACCENT_COLOR_NAME = AccentColor;
				CODE_SIGN_ENTITLEMENTS = "Pace Clock Watch App/Pace Clock Watch App.entitlements";
				CODE_SIGN_STYLE = Automatic;
				CURRENT_PROJECT_VERSION = 1;
				DEVELOPMENT_ASSET_PATHS = "\"Pace Clock Watch App/Preview Content\"";
				DEVELOPMENT_TEAM = 3ZWQ27S93Y;
				ENABLE_PREVIEWS = YES;
				GENERATE_INFOPLIST_FILE = YES;
				INFOPLIST_FILE = "Pace-Clock-Watch-App-Info.plist";
				INFOPLIST_KEY_CFBundleDisplayName = "Pace Clock";
				INFOPLIST_KEY_NSHealthShareUsageDescription = "This app uses HealthKit to manage workout sessions during your swimming exercises.";
				INFOPLIST_KEY_NSHealthUpdateUsageDescription = "This app uses HealthKit to manage workout sessions during your swimming exercises.";
				INFOPLIST_KEY_UISupportedInterfaceOrientations = "UIInterfaceOrientationPortrait UIInterfaceOrientationPortraitUpsideDown";
				INFOPLIST_KEY_WKWatchOnly = YES;
				LD_RUNPATH_SEARCH_PATHS = (
					"$(inherited)",
					"@executable_path/Frameworks",
				);
				MARKETING_VERSION = 1.0;
				PRODUCT_BUNDLE_IDENTIFIER = "com.ZackWilson.Pace-Clock.watchkitapp";
				PRODUCT_NAME = "$(TARGET_NAME)";
				SDKROOT = watchos;
				SKIP_INSTALL = YES;
				SWIFT_EMIT_LOC_STRINGS = YES;
				SWIFT_VERSION = 5.0;
				TARGETED_DEVICE_FAMILY = 4;
				VALIDATE_PRODUCT = YES;
				WATCHOS_DEPLOYMENT_TARGET = 10.2;
			};
			name = Release;
		};
		149C1E7C2B519EAC0071D893 /* Debug */ = {
			isa = XCBuildConfiguration;
			buildSettings = {
				ALWAYS_EMBED_SWIFT_STANDARD_LIBRARIES = YES;
				CODE_SIGN_STYLE = Automatic;
				CURRENT_PROJECT_VERSION = 1;
				DEVELOPMENT_TEAM = 3ZWQ27S93Y;
				INFOPLIST_KEY_CFBundleDisplayName = "Pace Clock";
				MARKETING_VERSION = 1.0;
				PRODUCT_BUNDLE_IDENTIFIER = "com.ZackWilson.Pace-Clock";
				PRODUCT_NAME = "$(TARGET_NAME)";
				SDKROOT = iphoneos;
				SWIFT_VERSION = 5.0;
			};
			name = Debug;
		};
		149C1E7D2B519EAC0071D893 /* Release */ = {
			isa = XCBuildConfiguration;
			buildSettings = {
				ALWAYS_EMBED_SWIFT_STANDARD_LIBRARIES = YES;
				CODE_SIGN_STYLE = Automatic;
				CURRENT_PROJECT_VERSION = 1;
				DEVELOPMENT_TEAM = 3ZWQ27S93Y;
				INFOPLIST_KEY_CFBundleDisplayName = "Pace Clock";
				MARKETING_VERSION = 1.0;
				PRODUCT_BUNDLE_IDENTIFIER = "com.ZackWilson.Pace-Clock";
				PRODUCT_NAME = "$(TARGET_NAME)";
				SDKROOT = iphoneos;
				SWIFT_VERSION = 5.0;
				VALIDATE_PRODUCT = YES;
			};
			name = Release;
		};
/* End XCBuildConfiguration section */

/* Begin XCConfigurationList section */
		149C1E5E2B519EAB0071D893 /* Build configuration list for PBXProject "Pace Clock" */ = {
			isa = XCConfigurationList;
			buildConfigurations = (
				149C1E752B519EAC0071D893 /* Debug */,
				149C1E762B519EAC0071D893 /* Release */,
			);
			defaultConfigurationIsVisible = 0;
			defaultConfigurationName = Release;
		};
		149C1E772B519EAC0071D893 /* Build configuration list for PBXNativeTarget "Pace Clock Watch App" */ = {
			isa = XCConfigurationList;
			buildConfigurations = (
				149C1E782B519EAC0071D893 /* Debug */,
				149C1E792B519EAC0071D893 /* Release */,
			);
			defaultConfigurationIsVisible = 0;
			defaultConfigurationName = Release;
		};
		149C1E7B2B519EAC0071D893 /* Build configuration list for PBXNativeTarget "Pace Clock" */ = {
			isa = XCConfigurationList;
			buildConfigurations = (
				149C1E7C2B519EAC0071D893 /* Debug */,
				149C1E7D2B519EAC0071D893 /* Release */,
			);
			defaultConfigurationIsVisible = 0;
			defaultConfigurationName = Release;
		};
/* End XCConfigurationList section */
	};
	rootObject = 149C1E5B2B519EAB0071D893 /* Project object */;
}
